
Microsoft Visual Studio Solution File, Format Version 12.00
# Visual Studio 15
VisualStudioVersion = 15.0.26430.16
MinimumVisualStudioVersion = 10.0.40219.1
Project("{FAE04EC0-301F-11D3-BF4B-00C04F79EFBC}") = "03_lps_domotica_modelo", "lps_domotica_modelo\03_lps_domotica_modelo.csproj", "{07AAC19B-D4C0-4128-B916-5015C1A28747}"
EndProject
Project("{FAE04EC0-301F-11D3-BF4B-00C04F79EFBC}") = "02_lps_domotica_control", "lps_domotica_control\02_lps_domotica_control.csproj", "{F77C25D9-1DD3-4C07-AC72-9696E0DA1413}"
EndProject
Project("{FAE04EC0-301F-11D3-BF4B-00C04F79EFBC}") = "01_lps_domotica_vista", "lps_domotica_vista\01_lps_domotica_vista.csproj", "{F3646CC8-8B0B-4A3B-909E-9FE3E45C3198}"
EndProject
Global
	GlobalSection(SolutionConfigurationPlatforms) = preSolution
		Debug|Any CPU = Debug|Any CPU
		Release|Any CPU = Release|Any CPU
	EndGlobalSection
	GlobalSection(ProjectConfigurationPlatforms) = postSolution
		{07AAC19B-D4C0-4128-B916-5015C1A28747}.Debug|Any CPU.ActiveCfg = Debug|Any CPU
		{07AAC19B-D4C0-4128-B916-5015C1A28747}.Debug|Any CPU.Build.0 = Debug|Any CPU
		{07AAC19B-D4C0-4128-B916-5015C1A28747}.Release|Any CPU.ActiveCfg = Release|Any CPU
		{07AAC19B-D4C0-4128-B916-5015C1A28747}.Release|Any CPU.Build.0 = Release|Any CPU
		{F77C25D9-1DD3-4C07-AC72-9696E0DA1413}.Debug|Any CPU.ActiveCfg = Debug|Any CPU
		{F77C25D9-1DD3-4C07-AC72-9696E0DA1413}.Debug|Any CPU.Build.0 = Debug|Any CPU
		{F77C25D9-1DD3-4C07-AC72-9696E0DA1413}.Release|Any CPU.ActiveCfg = Release|Any CPU
		{F77C25D9-1DD3-4C07-AC72-9696E0DA1413}.Release|Any CPU.Build.0 = Release|Any CPU
		{F3646CC8-8B0B-4A3B-909E-9FE3E45C3198}.Debug|Any CPU.ActiveCfg = Debug|Any CPU
		{F3646CC8-8B0B-4A3B-909E-9FE3E45C3198}.Debug|Any CPU.Build.0 = Debug|Any CPU
		{F3646CC8-8B0B-4A3B-909E-9FE3E45C3198}.Release|Any CPU.ActiveCfg = Release|Any CPU
		{F3646CC8-8B0B-4A3B-909E-9FE3E45C3198}.Release|Any CPU.Build.0 = Release|Any CPU
	EndGlobalSection
	GlobalSection(SolutionProperties) = preSolution
		HideSolutionNode = FALSE
	EndGlobalSection
EndGlobal
